# ac-vggt — frozen package set (verified 2026-07-07).
# Byte-stable install for Docker:  pip install -r ac_vggt.lock \
#   --index-url https://download.pytorch.org/whl/cu126 \
#   --extra-index-url https://pypi.org/simple
# torch/torchvision carry the +cu126 local tag; the cu126 wheel index resolves them.
# 'packaging' was conda-provided in the source env; pinned here for pip reproducibility.
annotated-doc==0.0.4
annotated-types==0.7.0
anyio==4.14.1
certifi==2026.6.17
click==8.4.2
einops==0.8.2
fastapi==0.128.8
filelock==3.29.0
fsspec==2026.4.0
h11==0.16.0
hf-xet==1.5.1
httpcore==1.0.9
httpx==0.28.1
huggingface_hub==1.22.0
idna==3.18
Jinja2==3.1.6
MarkupSafe==3.0.3
mpmath==1.3.0
msgpack==1.2.1
networkx==3.6.1
numpy==1.26.4
nvidia-cublas-cu12==12.6.4.1
nvidia-cuda-cupti-cu12==12.6.80
nvidia-cuda-nvrtc-cu12==12.6.77
nvidia-cuda-runtime-cu12==12.6.77
nvidia-cudnn-cu12==9.10.2.21
nvidia-cufft-cu12==11.3.0.4
nvidia-cufile-cu12==1.11.1.6
nvidia-curand-cu12==10.3.7.77
nvidia-cusolver-cu12==11.7.1.2
nvidia-cusparse-cu12==12.5.4.2
nvidia-cusparselt-cu12==0.7.1
nvidia-nccl-cu12==2.27.3
nvidia-nvjitlink-cu12==12.6.85
nvidia-nvtx-cu12==12.6.77
opencv-python==4.11.0.86
packaging==26.2
pillow==12.2.0
pydantic==2.13.4
pydantic_core==2.46.4
PyYAML==6.0.3
safetensors==0.8.0
starlette==0.52.1
sympy==1.14.0
torch==2.8.0+cu126
torchvision==0.23.0+cu126
tqdm==4.68.3
triton==3.4.0
typing-inspection==0.4.2
typing_extensions==4.15.0
uvicorn==0.39.0
vggt @ git+https://github.com/facebookresearch/vggt.git@a288dd0f14786c93483e45524328726ab7b1b4ce
